
Microsoft Visual Studio Solution File, Format Version 12.00
# Visual Studio Version 17
VisualStudioVersion = 17.8.34322.80
MinimumVisualStudioVersion = 10.0.40219.1
Project("{FAE04EC0-301F-11D3-BF4B-00C04F79EFBC}") = "EngineeringCalculator", "EngineeringCalculator\EngineeringCalculator.csproj", "{EA6B8C11-C3A1-45A8-900D-92B2BDE2D0A1}"
EndProject
Global
	GlobalSection(SolutionConfigurationPlatforms) = preSolution
		Debug|Any CPU = Debug|Any CPU
		Release|Any CPU = Release|Any CPU
	EndGlobalSection
	GlobalSection(ProjectConfigurationPlatforms) = postSolution
		{EA6B8C11-C3A1-45A8-900D-92B2BDE2D0A1}.Debug|Any CPU.ActiveCfg = Debug|Any CPU
		{EA6B8C11-C3A1-45A8-900D-92B2BDE2D0A1}.Debug|Any CPU.Build.0 = Debug|Any CPU
		{EA6B8C11-C3A1-45A8-900D-92B2BDE2D0A1}.Release|Any CPU.ActiveCfg = Release|Any CPU
		{EA6B8C11-C3A1-45A8-900D-92B2BDE2D0A1}.Release|Any CPU.Build.0 = Release|Any CPU
	EndGlobalSection
	GlobalSection(SolutionProperties) = preSolution
		HideSolutionNode = FALSE
	EndGlobalSection
	GlobalSection(ExtensibilityGlobals) = postSolution
		SolutionGuid = {9B26A9E9-B3FB-4768-8E7B-260C9F962D23}
	EndGlobalSection
EndGlobal
